
Microsoft Visual Studio Solution File, Format Version 12.00
# Visual Studio Version 17
VisualStudioVersion = 17.11.35219.272
MinimumVisualStudioVersion = 10.0.40219.1
Project("{FAE04EC0-301F-11D3-BF4B-00C04F79EFBC}") = "API_Project", "API_Project\API_Project.csproj", "{88FEB661-BA19-4778-A840-8513A3D5822A}"
EndProject
Global
	GlobalSection(SolutionConfigurationPlatforms) = preSolution
		Debug|Any CPU = Debug|Any CPU
		Release|Any CPU = Release|Any CPU
	EndGlobalSection
	GlobalSection(ProjectConfigurationPlatforms) = postSolution
		{88FEB661-BA19-4778-A840-8513A3D5822A}.Debug|Any CPU.ActiveCfg = Debug|Any CPU
		{88FEB661-BA19-4778-A840-8513A3D5822A}.Debug|Any CPU.Build.0 = Debug|Any CPU
		{88FEB661-BA19-4778-A840-8513A3D5822A}.Release|Any CPU.ActiveCfg = Release|Any CPU
		{88FEB661-BA19-4778-A840-8513A3D5822A}.Release|Any CPU.Build.0 = Release|Any CPU
	EndGlobalSection
	GlobalSection(SolutionProperties) = preSolution
		HideSolutionNode = FALSE
	EndGlobalSection
	GlobalSection(ExtensibilityGlobals) = postSolution
		SolutionGuid = {43A25D16-23CB-42C5-A40C-8576343140CB}
	EndGlobalSection
EndGlobal
